{
	"name": "ambernnyadesk",
	"version": "1.0.0",
	"lockfileVersion": 3,
	"requires": true,
	"packages": {
		"": {
			"name": "ambernnyadesk",
			"version": "1.0.0",
			"dependencies": {
				"ical.js": "2.2.1",
				"imapflow": "^2.0.5",
				"mailparser": "^3.9.28",
				"nodemailer": "^10.0.10"
			},
			"devDependencies": {
				"@types/mailparser": "^3.4.6",
				"@types/node": "20.19.43",
				"@types/nodemailer": "^8.0.2",
				"esbuild": "0.21.5",
				"obsidian": "1.13.1",
				"tslib": "2.8.1",
				"typescript": "5.9.3"
			}
		},
		"node_modules/@codemirror/state": {
			"version": "6.5.0",
			"resolved": "https://registry.npmjs.org/@codemirror/state/-/state-6.5.0.tgz",
			"integrity": "sha512-MwBHVK60IiIHDcoMet78lxt6iw5gJOGSbNbOIVBHWVXIH4/Nq1+GQgLLGgI1KlnN86WDXsPudVaqYHKBIx7Eyw==",
			"dev": true,
			"license": "MIT",
			"peer": true,
			"dependencies": {
				"@marijn/find-cluster-break": "^1.0.0"
			}
		},
		"node_modules/@codemirror/view": {
			"version": "6.38.6",
			"resolved": "https://registry.npmjs.org/@codemirror/view/-/view-6.38.6.tgz",
			"integrity": "sha512-qiS0z1bKs5WOvHIAC0Cybmv4AJSkAXgX5aD6Mqd2epSLlVJsQl8NG23jCVouIgkh4All/mrbdsf2UOLFnJw0tw==",
			"dev": true,
			"license": "MIT",
			"peer": true,
			"dependencies": {
				"@codemirror/state": "^6.5.0",
				"crelt": "^1.0.6",
				"style-mod": "^4.1.0",
				"w3c-keyname": "^2.2.4"
			}
		},
		"node_modules/@esbuild/aix-ppc64": {
			"version": "0.21.5",
			"resolved": "https://registry.npmjs.org/@esbuild/aix-ppc64/-/aix-ppc64-0.21.5.tgz",
			"integrity": "sha512-1SDgH6ZSPTlggy1yI6+Dbkiz8xzpHJEVAlF/AM1tHPLsf5STom9rwtjE4hKAF20FfXXNTFqEYXyJNWh1GiZedQ==",
			"cpu": [
				"ppc64"
			],
			"dev": true,
			"license": "MIT",
			"optional": true,
			"os": [
				"aix"
			],
			"engines": {
				"node": ">=12"
			}
		},
		"node_modules/@esbuild/android-arm": {
			"version": "0.21.5",
			"resolved": "https://registry.npmjs.org/@esbuild/android-arm/-/android-arm-0.21.5.tgz",
			"integrity": "sha512-vCPvzSjpPHEi1siZdlvAlsPxXl7WbOVUBBAowWug4rJHb68Ox8KualB+1ocNvT5fjv6wpkX6o/iEpbDrf68zcg==",
			"cpu": [
				"arm"
			],
			"dev": true,
			"license": "MIT",
			"optional": true,
			"os": [
				"android"
			],
			"engines": {
				"node": ">=12"
			}
		},
		"node_modules/@esbuild/android-arm64": {
			"version": "0.21.5",
			"resolved": "https://registry.npmjs.org/@esbuild/android-arm64/-/android-arm64-0.21.5.tgz",
			"integrity": "sha512-c0uX9VAUBQ7dTDCjq+wdyGLowMdtR/GoC2U5IYk/7D1H1JYC0qseD7+11iMP2mRLN9RcCMRcjC4YMclCzGwS/A==",
			"cpu": [
				"arm64"
			],
			"dev": true,
			"license": "MIT",
			"optional": true,
			"os": [
				"android"
			],
			"engines": {
				"node": ">=12"
			}
		},
		"node_modules/@esbuild/android-x64": {
			"version": "0.21.5",
			"resolved": "https://registry.npmjs.org/@esbuild/android-x64/-/android-x64-0.21.5.tgz",
			"integrity": "sha512-D7aPRUUNHRBwHxzxRvp856rjUHRFW1SdQATKXH2hqA0kAZb1hKmi02OpYRacl0TxIGz/ZmXWlbZgjwWYaCakTA==",
			"cpu": [
				"x64"
			],
			"dev": true,
			"license": "MIT",
			"optional": true,
			"os": [
				"android"
			],
			"engines": {
				"node": ">=12"
			}
		},
		"node_modules/@esbuild/darwin-arm64": {
			"version": "0.21.5",
			"resolved": "https://registry.npmjs.org/@esbuild/darwin-arm64/-/darwin-arm64-0.21.5.tgz",
			"integrity": "sha512-DwqXqZyuk5AiWWf3UfLiRDJ5EDd49zg6O9wclZ7kUMv2WRFr4HKjXp/5t8JZ11QbQfUS6/cRCKGwYhtNAY88kQ==",
			"cpu": [
				"arm64"
			],
			"dev": true,
			"license": "MIT",
			"optional": true,
			"os": [
				"darwin"
			],
			"engines": {
				"node": ">=12"
			}
		},
		"node_modules/@esbuild/darwin-x64": {
			"version": "0.21.5",
			"resolved": "https://registry.npmjs.org/@esbuild/darwin-x64/-/darwin-x64-0.21.5.tgz",
			"integrity": "sha512-se/JjF8NlmKVG4kNIuyWMV/22ZaerB+qaSi5MdrXtd6R08kvs2qCN4C09miupktDitvh8jRFflwGFBQcxZRjbw==",
			"cpu": [
				"x64"
			],
			"dev": true,
			"license": "MIT",
			"optional": true,
			"os": [
				"darwin"
			],
			"engines": {
				"node": ">=12"
			}
		},
		"node_modules/@esbuild/freebsd-arm64": {
			"version": "0.21.5",
			"resolved": "https://registry.npmjs.org/@esbuild/freebsd-arm64/-/freebsd-arm64-0.21.5.tgz",
			"integrity": "sha512-5JcRxxRDUJLX8JXp/wcBCy3pENnCgBR9bN6JsY4OmhfUtIHe3ZW0mawA7+RDAcMLrMIZaf03NlQiX9DGyB8h4g==",
			"cpu": [
				"arm64"
			],
			"dev": true,
			"license": "MIT",
			"optional": true,
			"os": [
				"freebsd"
			],
			"engines": {
				"node": ">=12"
			}
		},
		"node_modules/@esbuild/freebsd-x64": {
			"version": "0.21.5",
			"resolved": "https://registry.npmjs.org/@esbuild/freebsd-x64/-/freebsd-x64-0.21.5.tgz",
			"integrity": "sha512-J95kNBj1zkbMXtHVH29bBriQygMXqoVQOQYA+ISs0/2l3T9/kj42ow2mpqerRBxDJnmkUDCaQT/dfNXWX/ZZCQ==",
			"cpu": [
				"x64"
			],
			"dev": true,
			"license": "MIT",
			"optional": true,
			"os": [
				"freebsd"
			],
			"engines": {
				"node": ">=12"
			}
		},
		"node_modules/@esbuild/linux-arm": {
			"version": "0.21.5",
			"resolved": "https://registry.npmjs.org/@esbuild/linux-arm/-/linux-arm-0.21.5.tgz",
			"integrity": "sha512-bPb5AHZtbeNGjCKVZ9UGqGwo8EUu4cLq68E95A53KlxAPRmUyYv2D6F0uUI65XisGOL1hBP5mTronbgo+0bFcA==",
			"cpu": [
				"arm"
			],
			"dev": true,
			"license": "MIT",
			"optional": true,
			"os": [
				"linux"
			],
			"engines": {
				"node": ">=12"
			}
		},
		"node_modules/@esbuild/linux-arm64": {
			"version": "0.21.5",
			"resolved": "https://registry.npmjs.org/@esbuild/linux-arm64/-/linux-arm64-0.21.5.tgz",
			"integrity": "sha512-ibKvmyYzKsBeX8d8I7MH/TMfWDXBF3db4qM6sy+7re0YXya+K1cem3on9XgdT2EQGMu4hQyZhan7TeQ8XkGp4Q==",
			"cpu": [
				"arm64"
			],
			"dev": true,
			"license": "MIT",
			"optional": true,
			"os": [
				"linux"
			],
			"engines": {
				"node": ">=12"
			}
		},
		"node_modules/@esbuild/linux-ia32": {
			"version": "0.21.5",
			"resolved": "https://registry.npmjs.org/@esbuild/linux-ia32/-/linux-ia32-0.21.5.tgz",
			"integrity": "sha512-YvjXDqLRqPDl2dvRODYmmhz4rPeVKYvppfGYKSNGdyZkA01046pLWyRKKI3ax8fbJoK5QbxblURkwK/MWY18Tg==",
			"cpu": [
				"ia32"
			],
			"dev": true,
			"license": "MIT",
			"optional": true,
			"os": [
				"linux"
			],
			"engines": {
				"node": ">=12"
			}
		},
		"node_modules/@esbuild/linux-loong64": {
			"version": "0.21.5",
			"resolved": "https://registry.npmjs.org/@esbuild/linux-loong64/-/linux-loong64-0.21.5.tgz",
			"integrity": "sha512-uHf1BmMG8qEvzdrzAqg2SIG/02+4/DHB6a9Kbya0XDvwDEKCoC8ZRWI5JJvNdUjtciBGFQ5PuBlpEOXQj+JQSg==",
			"cpu": [
				"loong64"
			],
			"dev": true,
			"license": "MIT",
			"optional": true,
			"os": [
				"linux"
			],
			"engines": {
				"node": ">=12"
			}
		},
		"node_modules/@esbuild/linux-mips64el": {
			"version": "0.21.5",
			"resolved": "https://registry.npmjs.org/@esbuild/linux-mips64el/-/linux-mips64el-0.21.5.tgz",
			"integrity": "sha512-IajOmO+KJK23bj52dFSNCMsz1QP1DqM6cwLUv3W1QwyxkyIWecfafnI555fvSGqEKwjMXVLokcV5ygHW5b3Jbg==",
			"cpu": [
				"mips64el"
			],
			"dev": true,
			"license": "MIT",
			"optional": true,
			"os": [
				"linux"
			],
			"engines": {
				"node": ">=12"
			}
		},
		"node_modules/@esbuild/linux-ppc64": {
			"version": "0.21.5",
			"resolved": "https://registry.npmjs.org/@esbuild/linux-ppc64/-/linux-ppc64-0.21.5.tgz",
			"integrity": "sha512-1hHV/Z4OEfMwpLO8rp7CvlhBDnjsC3CttJXIhBi+5Aj5r+MBvy4egg7wCbe//hSsT+RvDAG7s81tAvpL2XAE4w==",
			"cpu": [
				"ppc64"
			],
			"dev": true,
			"license": "MIT",
			"optional": true,
			"os": [
				"linux"
			],
			"engines": {
				"node": ">=12"
			}
		},
		"node_modules/@esbuild/linux-riscv64": {
			"version": "0.21.5",
			"resolved": "https://registry.npmjs.org/@esbuild/linux-riscv64/-/linux-riscv64-0.21.5.tgz",
			"integrity": "sha512-2HdXDMd9GMgTGrPWnJzP2ALSokE/0O5HhTUvWIbD3YdjME8JwvSCnNGBnTThKGEB91OZhzrJ4qIIxk/SBmyDDA==",
			"cpu": [
				"riscv64"
			],
			"dev": true,
			"license": "MIT",
			"optional": true,
			"os": [
				"linux"
			],
			"engines": {
				"node": ">=12"
			}
		},
		"node_modules/@esbuild/linux-s390x": {
			"version": "0.21.5",
			"resolved": "https://registry.npmjs.org/@esbuild/linux-s390x/-/linux-s390x-0.21.5.tgz",
			"integrity": "sha512-zus5sxzqBJD3eXxwvjN1yQkRepANgxE9lgOW2qLnmr8ikMTphkjgXu1HR01K4FJg8h1kEEDAqDcZQtbrRnB41A==",
			"cpu": [
				"s390x"
			],
			"dev": true,
			"license": "MIT",
			"optional": true,
			"os": [
				"linux"
			],
			"engines": {
				"node": ">=12"
			}
		},
		"node_modules/@esbuild/linux-x64": {
			"version": "0.21.5",
			"resolved": "https://registry.npmjs.org/@esbuild/linux-x64/-/linux-x64-0.21.5.tgz",
			"integrity": "sha512-1rYdTpyv03iycF1+BhzrzQJCdOuAOtaqHTWJZCWvijKD2N5Xu0TtVC8/+1faWqcP9iBCWOmjmhoH94dH82BxPQ==",
			"cpu": [
				"x64"
			],
			"dev": true,
			"license": "MIT",
			"optional": true,
			"os": [
				"linux"
			],
			"engines": {
				"node": ">=12"
			}
		},
		"node_modules/@esbuild/netbsd-x64": {
			"version": "0.21.5",
			"resolved": "https://registry.npmjs.org/@esbuild/netbsd-x64/-/netbsd-x64-0.21.5.tgz",
			"integrity": "sha512-Woi2MXzXjMULccIwMnLciyZH4nCIMpWQAs049KEeMvOcNADVxo0UBIQPfSmxB3CWKedngg7sWZdLvLczpe0tLg==",
			"cpu": [
				"x64"
			],
			"dev": true,
			"license": "MIT",
			"optional": true,
			"os": [
				"netbsd"
			],
			"engines": {
				"node": ">=12"
			}
		},
		"node_modules/@esbuild/openbsd-x64": {
			"version": "0.21.5",
			"resolved": "https://registry.npmjs.org/@esbuild/openbsd-x64/-/openbsd-x64-0.21.5.tgz",
			"integrity": "sha512-HLNNw99xsvx12lFBUwoT8EVCsSvRNDVxNpjZ7bPn947b8gJPzeHWyNVhFsaerc0n3TsbOINvRP2byTZ5LKezow==",
			"cpu": [
				"x64"
			],
			"dev": true,
			"license": "MIT",
			"optional": true,
			"os": [
				"openbsd"
			],
			"engines": {
				"node": ">=12"
			}
		},
		"node_modules/@esbuild/sunos-x64": {
			"version": "0.21.5",
			"resolved": "https://registry.npmjs.org/@esbuild/sunos-x64/-/sunos-x64-0.21.5.tgz",
			"integrity": "sha512-6+gjmFpfy0BHU5Tpptkuh8+uw3mnrvgs+dSPQXQOv3ekbordwnzTVEb4qnIvQcYXq6gzkyTnoZ9dZG+D4garKg==",
			"cpu": [
				"x64"
			],
			"dev": true,
			"license": "MIT",
			"optional": true,
			"os": [
				"sunos"
			],
			"engines": {
				"node": ">=12"
			}
		},
		"node_modules/@esbuild/win32-arm64": {
			"version": "0.21.5",
			"resolved": "https://registry.npmjs.org/@esbuild/win32-arm64/-/win32-arm64-0.21.5.tgz",
			"integrity": "sha512-Z0gOTd75VvXqyq7nsl93zwahcTROgqvuAcYDUr+vOv8uHhNSKROyU961kgtCD1e95IqPKSQKH7tBTslnS3tA8A==",
			"cpu": [
				"arm64"
			],
			"dev": true,
			"license": "MIT",
			"optional": true,
			"os": [
				"win32"
			],
			"engines": {
				"node": ">=12"
			}
		},
		"node_modules/@esbuild/win32-ia32": {
			"version": "0.21.5",
			"resolved": "https://registry.npmjs.org/@esbuild/win32-ia32/-/win32-ia32-0.21.5.tgz",
			"integrity": "sha512-SWXFF1CL2RVNMaVs+BBClwtfZSvDgtL//G/smwAc5oVK/UPu2Gu9tIaRgFmYFFKrmg3SyAjSrElf0TiJ1v8fYA==",
			"cpu": [
				"ia32"
			],
			"dev": true,
			"license": "MIT",
			"optional": true,
			"os": [
				"win32"
			],
			"engines": {
				"node": ">=12"
			}
		},
		"node_modules/@esbuild/win32-x64": {
			"version": "0.21.5",
			"resolved": "https://registry.npmjs.org/@esbuild/win32-x64/-/win32-x64-0.21.5.tgz",
			"integrity": "sha512-tQd/1efJuzPC6rCFwEvLtci/xNFcTZknmXs98FYDfGE4wP9ClFV98nyKrzJKVPMhdDnjzLhdUyMX4PsQAPjwIw==",
			"cpu": [
				"x64"
			],
			"dev": true,
			"license": "MIT",
			"optional": true,
			"os": [
				"win32"
			],
			"engines": {
				"node": ">=12"
			}
		},
		"node_modules/@marijn/find-cluster-break": {
			"version": "1.0.3",
			"resolved": "https://registry.npmjs.org/@marijn/find-cluster-break/-/find-cluster-break-1.0.3.tgz",
			"integrity": "sha512-FY+MKLBoTsLNJF/eLWaOsXGdz6uh3Iu1axjPf6TUq92IYumcTcXWHoS747JARLkcdlJ/Waiaxc5wQfFO8jC6NA==",
			"dev": true,
			"license": "MIT",
			"peer": true
		},
		"node_modules/@pinojs/redact": {
			"version": "0.4.0",
			"resolved": "https://registry.npmjs.org/@pinojs/redact/-/redact-0.4.0.tgz",
			"integrity": "sha512-k2ENnmBugE/rzQfEcdWHcCY+/FM3VLzH9cYEsbdsoqrvzAKRhUZeRNhAZvB8OitQJ1TBed3yqWtdjzS6wJKBwg==",
			"license": "MIT"
		},
		"node_modules/@selderee/plugin-htmlparser2": {
			"version": "0.12.0",
			"resolved": "https://registry.npmjs.org/@selderee/plugin-htmlparser2/-/plugin-htmlparser2-0.12.0.tgz",
			"integrity": "sha512-oELmoyA6ML9jDRMV3kgcMQFKxUfBU0yFVn6yTctVaLT5ygXnxH52I3TZEgV9EhXJC68/uFvE5Daj1/25c0Xa/A==",
			"license": "MIT",
			"dependencies": {
				"domelementtype": "~2.3.0",
				"domhandler": "~5.0.3"
			},
			"funding": {
				"url": "https://github.com/sponsors/KillyMXI"
			},
			"peerDependencies": {
				"selderee": "~0.12.0"
			}
		},
		"node_modules/@types/codemirror": {
			"version": "5.60.8",
			"resolved": "https://registry.npmjs.org/@types/codemirror/-/codemirror-5.60.8.tgz",
			"integrity": "sha512-VjFgDF/eB+Aklcy15TtOTLQeMjTo07k7KAjql8OK5Dirr7a6sJY4T1uVBDuTVG9VEmn1uUsohOpYnVfgC6/jyw==",
			"dev": true,
			"license": "MIT",
			"dependencies": {
				"@types/tern": "*"
			}
		},
		"node_modules/@types/estree": {
			"version": "1.0.9",
			"resolved": "https://registry.npmjs.org/@types/estree/-/estree-1.0.9.tgz",
			"integrity": "sha512-GhdPgy1el4/ImP05X05Uw4cw2/M93BCUmnEvWZNStlCzEKME4Fkk+YpoA5OiHNQmoS7Cafb8Xa3Pya8m1Qrzeg==",
			"dev": true,
			"license": "MIT"
		},
		"node_modules/@types/mailparser": {
			"version": "3.4.6",
			"resolved": "https://registry.npmjs.org/@types/mailparser/-/mailparser-3.4.6.tgz",
			"integrity": "sha512-wVV3cnIKzxTffaPH8iRnddX1zahbYB1ZEoAxyhoBo3TBCBuK6nZ8M8JYO/RhsCuuBVOw/DEN/t/ENbruwlxn6Q==",
			"dev": true,
			"license": "MIT",
			"dependencies": {
				"@types/node": "*",
				"iconv-lite": "^0.6.3"
			}
		},
		"node_modules/@types/mailparser/node_modules/iconv-lite": {
			"version": "0.6.3",
			"resolved": "https://registry.npmjs.org/iconv-lite/-/iconv-lite-0.6.3.tgz",
			"integrity": "sha512-4fCk79wshMdzMp2rH06qWrJE4iolqLhCUH+OiuIgU++RB0+94NlDL81atO7GX55uUKueo0txHNtvEyI6D7WdMw==",
			"dev": true,
			"license": "MIT",
			"dependencies": {
				"safer-buffer": ">= 2.1.2 < 3.0.0"
			},
			"engines": {
				"node": ">=0.10.0"
			}
		},
		"node_modules/@types/node": {
			"version": "20.19.43",
			"resolved": "https://registry.npmjs.org/@types/node/-/node-20.19.43.tgz",
			"integrity": "sha512-6oYBAi5ikg4Pl+kGsoYtawUMBT2zZMCvPNF7pVLnHZfd1zf38DRiWn/gT01RYCdUqkv7Fhr+C9ot4/tb+2sVvA==",
			"dev": true,
			"license": "MIT",
			"dependencies": {
				"undici-types": "~6.21.0"
			}
		},
		"node_modules/@types/nodemailer": {
			"version": "8.0.2",
			"resolved": "https://registry.npmjs.org/@types/nodemailer/-/nodemailer-8.0.2.tgz",
			"integrity": "sha512-c7M5ox8p0nEOfbJ2E9Qcmt8/QCu/VzsiAhzBiZbvky2PhKZDHpKB3sQHBM5MEZNkCfBOaS6S9//AGPRTNB7IaA==",
			"dev": true,
			"license": "MIT",
			"dependencies": {
				"@types/node": "*"
			}
		},
		"node_modules/@types/tern": {
			"version": "0.23.9",
			"resolved": "https://registry.npmjs.org/@types/tern/-/tern-0.23.9.tgz",
			"integrity": "sha512-ypzHFE/wBzh+BlH6rrBgS5I/Z7RD21pGhZ2rltb/+ZrVM1awdZwjx7hE5XfuYgHWk9uvV5HLZN3SloevCAp3Bw==",
			"dev": true,
			"license": "MIT",
			"dependencies": {
				"@types/estree": "*"
			}
		},
		"node_modules/@zone-eu/mailsplit": {
			"version": "5.4.17",
			"resolved": "https://registry.npmjs.org/@zone-eu/mailsplit/-/mailsplit-5.4.17.tgz",
			"integrity": "sha512-LOMzdrKRVgaghLaezIPdHRhsGpfDiWNQo1RptWc84CRllI4dWLwqX/L4x1iTt1CaeyvyUfMXM/6mjIsEisT3Tg==",
			"license": "(MIT OR EUPL-1.1+)",
			"dependencies": {
				"libbase64": "1.3.0",
				"libmime": "5.4.4",
				"libqp": "2.1.1"
			}
		},
		"node_modules/atomic-sleep": {
			"version": "1.0.0",
			"resolved": "https://registry.npmjs.org/atomic-sleep/-/atomic-sleep-1.0.0.tgz",
			"integrity": "sha512-kNOjDqAh7px0XWNI+4QbzoiR/nTkHAWNud2uvnJquD1/x5a7EQZMJT0AczqK0Qn67oY/TTQ1LbUKajZpp3I9tQ==",
			"license": "MIT",
			"engines": {
				"node": ">=8.0.0"
			}
		},
		"node_modules/crelt": {
			"version": "1.0.7",
			"resolved": "https://registry.npmjs.org/crelt/-/crelt-1.0.7.tgz",
			"integrity": "sha512-aK6BbWfhf4U/wCcLHKPJl/xa6VkVstRaPywWtMKGwuOLc/wZTyQYuoxgvZnNsBvv7Kg3YTBQYYBCggcviQczuA==",
			"dev": true,
			"license": "MIT",
			"peer": true
		},
		"node_modules/deepmerge-ts": {
			"version": "8.0.2",
			"resolved": "https://registry.npmjs.org/deepmerge-ts/-/deepmerge-ts-8.0.2.tgz",
			"integrity": "sha512-uqbvqLUMrc6p0MO+WBRtTxY55hmyh94WRwI5a++PZe54X+bfVh59FSN7uWCBCW1CCVjzjnrwzfI8zidE2obMMw==",
			"funding": [
				{
					"type": "ko-fi",
					"url": "https://ko-fi.com/rebeccastevens"
				},
				{
					"type": "tidelift",
					"url": "https://tidelift.com/funding/github/npm/deepmerge-ts"
				}
			],
			"license": "BSD-3-Clause",
			"engines": {
				"node": ">=16.9.0"
			}
		},
		"node_modules/dom-serializer": {
			"version": "2.0.0",
			"resolved": "https://registry.npmjs.org/dom-serializer/-/dom-serializer-2.0.0.tgz",
			"integrity": "sha512-wIkAryiqt/nV5EQKqQpo3SToSOV9J0DnbJqwK7Wv/Trc92zIAYZ4FlMu+JPFW1DfGFt81ZTCGgDEabffXeLyJg==",
			"license": "MIT",
			"dependencies": {
				"domelementtype": "^2.3.0",
				"domhandler": "^5.0.2",
				"entities": "^4.2.0"
			},
			"funding": {
				"url": "https://github.com/cheeriojs/dom-serializer?sponsor=1"
			}
		},
		"node_modules/domelementtype": {
			"version": "2.3.0",
			"resolved": "https://registry.npmjs.org/domelementtype/-/domelementtype-2.3.0.tgz",
			"integrity": "sha512-OLETBj6w0OsagBwdXnPdN0cnMfF9opN69co+7ZrbfPGrdpPVNBUj02spi6B1N7wChLQiPn4CSH/zJvXw56gmHw==",
			"funding": [
				{
					"type": "github",
					"url": "https://github.com/sponsors/fb55"
				}
			],
			"license": "BSD-2-Clause"
		},
		"node_modules/domhandler": {
			"version": "5.0.3",
			"resolved": "https://registry.npmjs.org/domhandler/-/domhandler-5.0.3.tgz",
			"integrity": "sha512-cgwlv/1iFQiFnU96XXgROh8xTeetsnJiDsTc7TYCLFd9+/WNkIqPTxiM/8pSd8VIrhXGTf1Ny1q1hquVqDJB5w==",
			"license": "BSD-2-Clause",
			"dependencies": {
				"domelementtype": "^2.3.0"
			},
			"engines": {
				"node": ">= 4"
			},
			"funding": {
				"url": "https://github.com/fb55/domhandler?sponsor=1"
			}
		},
		"node_modules/domutils": {
			"version": "3.2.2",
			"resolved": "https://registry.npmjs.org/domutils/-/domutils-3.2.2.tgz",
			"integrity": "sha512-6kZKyUajlDuqlHKVX1w7gyslj9MPIXzIFiz/rGu35uC1wMi+kMhQwGhl4lt9unC9Vb9INnY9Z3/ZA3+FhASLaw==",
			"license": "BSD-2-Clause",
			"dependencies": {
				"dom-serializer": "^2.0.0",
				"domelementtype": "^2.3.0",
				"domhandler": "^5.0.3"
			},
			"funding": {
				"url": "https://github.com/fb55/domutils?sponsor=1"
			}
		},
		"node_modules/encoding-japanese": {
			"version": "2.4.0",
			"resolved": "https://registry.npmjs.org/encoding-japanese/-/encoding-japanese-2.4.0.tgz",
			"integrity": "sha512-PE0KjlsDy9JSsoU4C2Q8NXb1kC4c+bZRac9ZvHXUE4q1Ht63gScKMdEy9jst9+Fi3M4eDkqzkEhBZvix4blP2A==",
			"license": "MIT",
			"engines": {
				"node": ">=18.0.0"
			}
		},
		"node_modules/entities": {
			"version": "4.5.0",
			"resolved": "https://registry.npmjs.org/entities/-/entities-4.5.0.tgz",
			"integrity": "sha512-V0hjH4dGPh9Ao5p0MoRY6BVqtwCjhz6vI5LT8AJ55H+4g9/4vbHx1I54fS0XuclLhDHArPQCiMjDxjaL8fPxhw==",
			"license": "BSD-2-Clause",
			"engines": {
				"node": ">=0.12"
			},
			"funding": {
				"url": "https://github.com/fb55/entities?sponsor=1"
			}
		},
		"node_modules/esbuild": {
			"version": "0.21.5",
			"resolved": "https://registry.npmjs.org/esbuild/-/esbuild-0.21.5.tgz",
			"integrity": "sha512-mg3OPMV4hXywwpoDxu3Qda5xCKQi+vCTZq8S9J/EpkhB2HzKXq4SNFZE3+NK93JYxc8VMSep+lOUSC/RVKaBqw==",
			"dev": true,
			"hasInstallScript": true,
			"license": "MIT",
			"bin": {
				"esbuild": "bin/esbuild"
			},
			"engines": {
				"node": ">=12"
			},
			"optionalDependencies": {
				"@esbuild/aix-ppc64": "0.21.5",
				"@esbuild/android-arm": "0.21.5",
				"@esbuild/android-arm64": "0.21.5",
				"@esbuild/android-x64": "0.21.5",
				"@esbuild/darwin-arm64": "0.21.5",
				"@esbuild/darwin-x64": "0.21.5",
				"@esbuild/freebsd-arm64": "0.21.5",
				"@esbuild/freebsd-x64": "0.21.5",
				"@esbuild/linux-arm": "0.21.5",
				"@esbuild/linux-arm64": "0.21.5",
				"@esbuild/linux-ia32": "0.21.5",
				"@esbuild/linux-loong64": "0.21.5",
				"@esbuild/linux-mips64el": "0.21.5",
				"@esbuild/linux-ppc64": "0.21.5",
				"@esbuild/linux-riscv64": "0.21.5",
				"@esbuild/linux-s390x": "0.21.5",
				"@esbuild/linux-x64": "0.21.5",
				"@esbuild/netbsd-x64": "0.21.5",
				"@esbuild/openbsd-x64": "0.21.5",
				"@esbuild/sunos-x64": "0.21.5",
				"@esbuild/win32-arm64": "0.21.5",
				"@esbuild/win32-ia32": "0.21.5",
				"@esbuild/win32-x64": "0.21.5"
			}
		},
		"node_modules/he": {
			"version": "1.2.0",
			"resolved": "https://registry.npmjs.org/he/-/he-1.2.0.tgz",
			"integrity": "sha512-F/1DnUGPopORZi0ni+CvrCgHQ5FyEAHRLSApuYWMmrbSwoN2Mn/7k+Gl38gJnR7yyDZk6WLXwiGod1JOWNDKGw==",
			"license": "MIT",
			"bin": {
				"he": "bin/he"
			}
		},
		"node_modules/html-to-text": {
			"version": "10.0.1",
			"resolved": "https://registry.npmjs.org/html-to-text/-/html-to-text-10.0.1.tgz",
			"integrity": "sha512-GiVhRI1BatGARSCmlXWNCjDT0cWrwBWoeduLoV0WSKAgaV/wa+hUWy5LiQLUs4UwiUrE52ZCMfBGiKD87TDPrg==",
			"license": "MIT",
			"dependencies": {
				"@selderee/plugin-htmlparser2": "~0.12.0",
				"deepmerge-ts": "^8.0.1",
				"dom-serializer": "^2.0.0",
				"htmlparser2": "^10.1.0",
				"selderee": "~0.12.0"
			},
			"engines": {
				"node": ">=20.19.0"
			},
			"funding": {
				"url": "https://github.com/sponsors/KillyMXI"
			}
		},
		"node_modules/htmlparser2": {
			"version": "10.1.0",
			"resolved": "https://registry.npmjs.org/htmlparser2/-/htmlparser2-10.1.0.tgz",
			"integrity": "sha512-VTZkM9GWRAtEpveh7MSF6SjjrpNVNNVJfFup7xTY3UpFtm67foy9HDVXneLtFVt4pMz5kZtgNcvCniNFb1hlEQ==",
			"funding": [
				"https://github.com/fb55/htmlparser2?sponsor=1",
				{
					"type": "github",
					"url": "https://github.com/sponsors/fb55"
				}
			],
			"license": "MIT",
			"dependencies": {
				"domelementtype": "^2.3.0",
				"domhandler": "^5.0.3",
				"domutils": "^3.2.2",
				"entities": "^7.0.1"
			}
		},
		"node_modules/htmlparser2/node_modules/entities": {
			"version": "7.0.1",
			"resolved": "https://registry.npmjs.org/entities/-/entities-7.0.1.tgz",
			"integrity": "sha512-TWrgLOFUQTH994YUyl1yT4uyavY5nNB5muff+RtWaqNVCAK408b5ZnnbNAUEWLTCpum9w6arT70i1XdQ4UeOPA==",
			"license": "BSD-2-Clause",
			"engines": {
				"node": ">=0.12"
			},
			"funding": {
				"url": "https://github.com/fb55/entities?sponsor=1"
			}
		},
		"node_modules/ical.js": {
			"version": "2.2.1",
			"resolved": "https://registry.npmjs.org/ical.js/-/ical.js-2.2.1.tgz",
			"integrity": "sha512-yK/UlPbEs316igb/tjRgbFA8ZV75rCsBJp/hWOatpyaPNlgw0dGDmU+FoicOcwX4xXkeXOkYiOmCqNPFpNPkQg==",
			"license": "MPL-2.0"
		},
		"node_modules/iconv-lite": {
			"version": "0.7.3",
			"resolved": "https://registry.npmjs.org/iconv-lite/-/iconv-lite-0.7.3.tgz",
			"integrity": "sha512-IKXpvIzjnC9XTAUbVBcMfGS0EPaIXtW6v+zr+RRp+hqULEpo0owZax6wyRwPOJbWbzjYspQwusTsfVr0ifh4uQ==",
			"license": "MIT",
			"dependencies": {
				"safer-buffer": ">= 2.1.2 < 3.0.0"
			},
			"engines": {
				"node": ">=0.10.0"
			},
			"funding": {
				"type": "opencollective",
				"url": "https://opencollective.com/express"
			}
		},
		"node_modules/imapflow": {
			"version": "2.0.5",
			"resolved": "https://registry.npmjs.org/imapflow/-/imapflow-2.0.5.tgz",
			"integrity": "sha512-YG666DWbx0iXDpS4UghDmai1I0XF4w0eZYNEX2iMk3L98GGKxjogIe4RrKgqWzR0RNKJtOXwUgTDbPJIBgbReg==",
			"license": "MIT",
			"dependencies": {
				"@zone-eu/mailsplit": "5.4.17",
				"encoding-japanese": "2.4.0",
				"iconv-lite": "0.7.3",
				"libbase64": "1.3.0",
				"libmime": "5.4.4",
				"libqp": "2.1.1",
				"pino": "10.3.1",
				"socks": "2.8.10"
			},
			"engines": {
				"node": ">=20.0.0"
			}
		},
		"node_modules/ip-address": {
			"version": "10.7.2",
			"resolved": "https://registry.npmjs.org/ip-address/-/ip-address-10.7.2.tgz",
			"integrity": "sha512-7H/2gFSIitxc0hG3nOI1glS8QLo/EHBFFLk8vEUjXY/xu0AdL8jZ9U1IzO2PUm0d2D/ofQcAifb0g6OBkt8U7w==",
			"license": "MIT",
			"engines": {
				"node": ">= 12"
			}
		},
		"node_modules/leac": {
			"version": "0.7.0",
			"resolved": "https://registry.npmjs.org/leac/-/leac-0.7.0.tgz",
			"integrity": "sha512-qMrZeyEekgdRQ9o6a4NAB2EQZrv827GJdn1vnapwSJ90hWRB4TzUSunvacPkxQ2TnNqHNI1/zSt0hlo0crG8Jw==",
			"license": "MIT",
			"funding": {
				"url": "https://github.com/sponsors/KillyMXI"
			}
		},
		"node_modules/libbase64": {
			"version": "1.3.0",
			"resolved": "https://registry.npmjs.org/libbase64/-/libbase64-1.3.0.tgz",
			"integrity": "sha512-GgOXd0Eo6phYgh0DJtjQ2tO8dc0IVINtZJeARPeiIJqge+HdsWSuaDTe8ztQ7j/cONByDZ3zeB325AHiv5O0dg==",
			"license": "MIT"
		},
		"node_modules/libmime": {
			"version": "5.4.4",
			"resolved": "https://registry.npmjs.org/libmime/-/libmime-5.4.4.tgz",
			"integrity": "sha512-d3zZ2k8s6iO+8u9Vfkl6HfhD5lSVocGcmOViTz/i0CJcwhJADyubEJ/+TkBhuLDUSIBOiG+D8G5kJKwXwKbXXA==",
			"license": "MIT",
			"dependencies": {
				"encoding-japanese": "2.4.0",
				"iconv-lite": "0.7.3",
				"libbase64": "1.3.0",
				"libqp": "2.1.1"
			}
		},
		"node_modules/libqp": {
			"version": "2.1.1",
			"resolved": "https://registry.npmjs.org/libqp/-/libqp-2.1.1.tgz",
			"integrity": "sha512-0Wd+GPz1O134cP62YU2GTOPNA7Qgl09XwCqM5zpBv87ERCXdfDtyKXvV7c9U22yWJh44QZqBocFnXN11K96qow==",
			"license": "MIT"
		},
		"node_modules/linkify-it": {
			"version": "5.0.2",
			"resolved": "https://registry.npmjs.org/linkify-it/-/linkify-it-5.0.2.tgz",
			"integrity": "sha512-ONTm2jCMAVZjgQa/Fy1kScXsuOoF5NPTsoFBdE1KVIZ2vAh/r9+Bqo+0jINCBYnavTPQZz38QzFTme79ENoN3Q==",
			"funding": [
				{
					"type": "github",
					"url": "https://github.com/sponsors/puzrin"
				},
				{
					"type": "github",
					"url": "https://github.com/sponsors/markdown-it"
				}
			],
			"license": "MIT",
			"dependencies": {
				"uc.micro": "^2.0.0"
			}
		},
		"node_modules/mailparser": {
			"version": "3.9.28",
			"resolved": "https://registry.npmjs.org/mailparser/-/mailparser-3.9.28.tgz",
			"integrity": "sha512-O7oCYzWW9YH5lHk/y3Z8R8dFnUq8wqaH146BuU2NDt/3MGjdfMLzGF2Ft7WksTCeq00covNKpwxQabcG3zJFqQ==",
			"license": "MIT",
			"dependencies": {
				"@zone-eu/mailsplit": "5.4.17",
				"encoding-japanese": "2.4.0",
				"he": "1.2.0",
				"html-to-text": "10.0.1",
				"iconv-lite": "0.7.3",
				"libmime": "5.4.4",
				"linkify-it": "5.0.2",
				"nodemailer": "10.0.10",
				"punycode.js": "2.3.1",
				"tlds": "1.261.0"
			},
			"engines": {
				"node": ">=20.0.0"
			}
		},
		"node_modules/moment": {
			"version": "2.29.4",
			"resolved": "https://registry.npmjs.org/moment/-/moment-2.29.4.tgz",
			"integrity": "sha512-5LC9SOxjSc2HF6vO2CyuTDNivEdoz2IvyJJGj6X8DJ0eFyfszE0QiEd+iXmBvUP3WHxSjFH/vIsA0EN00cgr8w==",
			"dev": true,
			"license": "MIT",
			"engines": {
				"node": "*"
			}
		},
		"node_modules/nodemailer": {
			"version": "10.0.10",
			"resolved": "https://registry.npmjs.org/nodemailer/-/nodemailer-10.0.10.tgz",
			"integrity": "sha512-He9XskOFms62SyAKkLu8CcGcYHAo+BSHSsORI8s4PJH8qZgZY4L4lDfvyN0twvmbpyG+eGrxpyBlskj9d9rJ8A==",
			"license": "MIT-0",
			"engines": {
				"node": ">=20.0.0"
			}
		},
		"node_modules/obsidian": {
			"version": "1.13.1",
			"resolved": "https://registry.npmjs.org/obsidian/-/obsidian-1.13.1.tgz",
			"integrity": "sha512-qtTEA2pmhJzhuhJqzbBFRYhpIOqvW+krDYjtFynv66KbxBbumHBlsJfWw3I4jtnK/6fZwbQhCrmmDdRwXmX56w==",
			"dev": true,
			"license": "MIT",
			"dependencies": {
				"@types/codemirror": "5.60.8",
				"moment": "2.29.4"
			},
			"peerDependencies": {
				"@codemirror/state": "6.5.0",
				"@codemirror/view": "6.38.6"
			}
		},
		"node_modules/on-exit-leak-free": {
			"version": "2.1.2",
			"resolved": "https://registry.npmjs.org/on-exit-leak-free/-/on-exit-leak-free-2.1.2.tgz",
			"integrity": "sha512-0eJJY6hXLGf1udHwfNftBqH+g73EU4B504nZeKpz1sYRKafAghwxEJunB2O7rDZkL4PGfsMVnTXZ2EjibbqcsA==",
			"license": "MIT",
			"engines": {
				"node": ">=14.0.0"
			}
		},
		"node_modules/parseley": {
			"version": "0.13.1",
			"resolved": "https://registry.npmjs.org/parseley/-/parseley-0.13.1.tgz",
			"integrity": "sha512-uNBJZzmb60l6p6VWLTmevizNAGnE0xoSf1n0B4q3ntegDNzcS68NRCcBDZTcyXHxt2XhBChsCuqj4M+nChvE/A==",
			"license": "MIT",
			"dependencies": {
				"leac": "^0.7.0",
				"peberminta": "^0.10.0"
			},
			"funding": {
				"url": "https://github.com/sponsors/KillyMXI"
			}
		},
		"node_modules/peberminta": {
			"version": "0.10.0",
			"resolved": "https://registry.npmjs.org/peberminta/-/peberminta-0.10.0.tgz",
			"integrity": "sha512-80B2AsU+I4Qdb0ZAPSfe9UwvGzwkM37IKIFEvdS3D/3Ndgv2bsuJ0bfG1+iEYO+l7Gfd4EUJmuRyq7efLgRMzQ==",
			"license": "MIT",
			"funding": {
				"url": "https://github.com/sponsors/KillyMXI"
			}
		},
		"node_modules/pino": {
			"version": "10.3.1",
			"resolved": "https://registry.npmjs.org/pino/-/pino-10.3.1.tgz",
			"integrity": "sha512-r34yH/GlQpKZbU1BvFFqOjhISRo1MNx1tWYsYvmj6KIRHSPMT2+yHOEb1SG6NMvRoHRF0a07kCOox/9yakl1vg==",
			"license": "MIT",
			"dependencies": {
				"@pinojs/redact": "^0.4.0",
				"atomic-sleep": "^1.0.0",
				"on-exit-leak-free": "^2.1.0",
				"pino-abstract-transport": "^3.0.0",
				"pino-std-serializers": "^7.0.0",
				"process-warning": "^5.0.0",
				"quick-format-unescaped": "^4.0.3",
				"real-require": "^0.2.0",
				"safe-stable-stringify": "^2.3.1",
				"sonic-boom": "^4.0.1",
				"thread-stream": "^4.0.0"
			},
			"bin": {
				"pino": "bin.js"
			}
		},
		"node_modules/pino-abstract-transport": {
			"version": "3.0.0",
			"resolved": "https://registry.npmjs.org/pino-abstract-transport/-/pino-abstract-transport-3.0.0.tgz",
			"integrity": "sha512-wlfUczU+n7Hy/Ha5j9a/gZNy7We5+cXp8YL+X+PG8S0KXxw7n/JXA3c46Y0zQznIJ83URJiwy7Lh56WLokNuxg==",
			"license": "MIT",
			"dependencies": {
				"split2": "^4.0.0"
			}
		},
		"node_modules/pino-std-serializers": {
			"version": "7.1.0",
			"resolved": "https://registry.npmjs.org/pino-std-serializers/-/pino-std-serializers-7.1.0.tgz",
			"integrity": "sha512-BndPH67/JxGExRgiX1dX0w1FvZck5Wa4aal9198SrRhZjH3GxKQUKIBnYJTdj2HDN3UQAS06HlfcSbQj2OHmaw==",
			"license": "MIT"
		},
		"node_modules/process-warning": {
			"version": "5.1.0",
			"resolved": "https://registry.npmjs.org/process-warning/-/process-warning-5.1.0.tgz",
			"integrity": "sha512-jQSaVHsPgtyw60e1rQ/A+/ArPEj/S8pS/vFnyGa/gYFXrKk/6RuDkoqVDQ5NI5MmS01698ltlAk0NoDBNLujRw==",
			"funding": [
				{
					"type": "github",
					"url": "https://github.com/sponsors/fastify"
				},
				{
					"type": "opencollective",
					"url": "https://opencollective.com/fastify"
				}
			],
			"license": "MIT"
		},
		"node_modules/punycode.js": {
			"version": "2.3.1",
			"resolved": "https://registry.npmjs.org/punycode.js/-/punycode.js-2.3.1.tgz",
			"integrity": "sha512-uxFIHU0YlHYhDQtV4R9J6a52SLx28BCjT+4ieh7IGbgwVJWO+km431c4yRlREUAsAmt/uMjQUyQHNEPf0M39CA==",
			"license": "MIT",
			"engines": {
				"node": ">=6"
			}
		},
		"node_modules/quick-format-unescaped": {
			"version": "4.0.4",
			"resolved": "https://registry.npmjs.org/quick-format-unescaped/-/quick-format-unescaped-4.0.4.tgz",
			"integrity": "sha512-tYC1Q1hgyRuHgloV/YXs2w15unPVh8qfu/qCTfhTYamaw7fyhumKa2yGpdSo87vY32rIclj+4fWYQXUMs9EHvg==",
			"license": "MIT"
		},
		"node_modules/real-require": {
			"version": "0.2.0",
			"resolved": "https://registry.npmjs.org/real-require/-/real-require-0.2.0.tgz",
			"integrity": "sha512-57frrGM/OCTLqLOAh0mhVA9VBMHd+9U7Zb2THMGdBUoZVOtGbJzjxsYGDJ3A9AYYCP4hn6y1TVbaOfzWtm5GFg==",
			"license": "MIT",
			"engines": {
				"node": ">= 12.13.0"
			}
		},
		"node_modules/safe-stable-stringify": {
			"version": "2.5.0",
			"resolved": "https://registry.npmjs.org/safe-stable-stringify/-/safe-stable-stringify-2.5.0.tgz",
			"integrity": "sha512-b3rppTKm9T+PsVCBEOUR46GWI7fdOs00VKZ1+9c1EWDaDMvjQc6tUwuFyIprgGgTcWoVHSKrU8H31ZHA2e0RHA==",
			"license": "MIT",
			"engines": {
				"node": ">=10"
			}
		},
		"node_modules/safer-buffer": {
			"version": "2.1.2",
			"resolved": "https://registry.npmjs.org/safer-buffer/-/safer-buffer-2.1.2.tgz",
			"integrity": "sha512-YZo3K82SD7Riyi0E1EQPojLz7kpepnSQI9IyPbHHg1XXXevb5dJI7tpyN2ADxGcQbHG7vcyRHk0cbwqcQriUtg==",
			"license": "MIT"
		},
		"node_modules/selderee": {
			"version": "0.12.0",
			"resolved": "https://registry.npmjs.org/selderee/-/selderee-0.12.0.tgz",
			"integrity": "sha512-b1YMh3+DHZp59DLna3qVwQ5iOla/nrI6mLBNW02XxU77M3046Df6VLkoaJyFz20VsGIG5kkp+FK0kg4K4HnUFw==",
			"license": "MIT",
			"dependencies": {
				"parseley": "~0.13.1"
			},
			"funding": {
				"url": "https://github.com/sponsors/KillyMXI"
			}
		},
		"node_modules/smart-buffer": {
			"version": "4.2.0",
			"resolved": "https://registry.npmjs.org/smart-buffer/-/smart-buffer-4.2.0.tgz",
			"integrity": "sha512-94hK0Hh8rPqQl2xXc3HsaBoOXKV20MToPkcXvwbISWLEs+64sBq5kFgn2kJDHb1Pry9yrP0dxrCI9RRci7RXKg==",
			"license": "MIT",
			"engines": {
				"node": ">= 6.0.0",
				"npm": ">= 3.0.0"
			}
		},
		"node_modules/socks": {
			"version": "2.8.10",
			"resolved": "https://registry.npmjs.org/socks/-/socks-2.8.10.tgz",
			"integrity": "sha512-e0VyvkVTwVYViNovRkZ9aodhxVlyoMn7eJhVUPxZ+eK9P/7CBkxvvsBOHqFPEH416726W8tLXXXjKwqgTErrCQ==",
			"license": "MIT",
			"dependencies": {
				"ip-address": "^10.1.1",
				"smart-buffer": "^4.2.0"
			},
			"engines": {
				"node": ">= 10.0.0",
				"npm": ">= 3.0.0"
			}
		},
		"node_modules/sonic-boom": {
			"version": "4.2.1",
			"resolved": "https://registry.npmjs.org/sonic-boom/-/sonic-boom-4.2.1.tgz",
			"integrity": "sha512-w6AxtubXa2wTXAUsZMMWERrsIRAdrK0Sc+FUytWvYAhBJLyuI4llrMIC1DtlNSdI99EI86KZum2MMq3EAZlF9Q==",
			"license": "MIT",
			"dependencies": {
				"atomic-sleep": "^1.0.0"
			}
		},
		"node_modules/split2": {
			"version": "4.2.0",
			"resolved": "https://registry.npmjs.org/split2/-/split2-4.2.0.tgz",
			"integrity": "sha512-UcjcJOWknrNkF6PLX83qcHM6KHgVKNkV62Y8a5uYDVv9ydGQVwAHMKqHdJje1VTWpljG0WYpCDhrCdAOYH4TWg==",
			"license": "ISC",
			"engines": {
				"node": ">= 10.x"
			}
		},
		"node_modules/style-mod": {
			"version": "4.1.3",
			"resolved": "https://registry.npmjs.org/style-mod/-/style-mod-4.1.3.tgz",
			"integrity": "sha512-i/n8VsZydrugj3Iuzll8+x/00GH2vnYsk1eomD8QiRrSAeW6ItbCQDtfXCeJHd0iwiNagqjQkvpvREEPtW3IoQ==",
			"dev": true,
			"license": "MIT",
			"peer": true
		},
		"node_modules/thread-stream": {
			"version": "4.2.0",
			"resolved": "https://registry.npmjs.org/thread-stream/-/thread-stream-4.2.0.tgz",
			"integrity": "sha512-e2zZ96wSChazBsbENf/Pcm/4swHt2cEKQ92rhUjkL9GCKiTDJIaTBenjE/m9DXi0QBmTMDkFDdOomUy20A1tDQ==",
			"license": "MIT",
			"dependencies": {
				"real-require": "^1.0.0"
			},
			"engines": {
				"node": ">=20"
			}
		},
		"node_modules/thread-stream/node_modules/real-require": {
			"version": "1.0.0",
			"resolved": "https://registry.npmjs.org/real-require/-/real-require-1.0.0.tgz",
			"integrity": "sha512-P4nbQYQfePJxRSmY+v/KINxVucm4NF3p3s7pJveMTtom52FR4YGltUQLB8idDXwDDWW+eYrWDFbuzUnjoWHF7g==",
			"license": "MIT"
		},
		"node_modules/tlds": {
			"version": "1.261.0",
			"resolved": "https://registry.npmjs.org/tlds/-/tlds-1.261.0.tgz",
			"integrity": "sha512-QXqwfEl9ddlGBaRFXIvNKK6OhipSiLXuRuLJX5DErz0o0Q0rYxulWLdFryTkV5PkdZct5iMInwYEGe/eR++1AA==",
			"license": "MIT",
			"bin": {
				"tlds": "bin.js"
			}
		},
		"node_modules/tslib": {
			"version": "2.8.1",
			"resolved": "https://registry.npmjs.org/tslib/-/tslib-2.8.1.tgz",
			"integrity": "sha512-oJFu94HQb+KVduSUQL7wnpmqnfmLsOA/nAh6b6EH0wCEoK0/mPeXU6c3wKDV83MkOuHPRHtSXKKU99IBazS/2w==",
			"dev": true,
			"license": "0BSD"
		},
		"node_modules/typescript": {
			"version": "5.9.3",
			"resolved": "https://registry.npmjs.org/typescript/-/typescript-5.9.3.tgz",
			"integrity": "sha512-jl1vZzPDinLr9eUt3J/t7V6FgNEw9QjvBPdysz9KfQDD41fQrC2Y4vKQdiaUpFT4bXlb1RHhLpp8wtm6M5TgSw==",
			"dev": true,
			"license": "Apache-2.0",
			"bin": {
				"tsc": "bin/tsc",
				"tsserver": "bin/tsserver"
			},
			"engines": {
				"node": ">=14.17"
			}
		},
		"node_modules/uc.micro": {
			"version": "2.1.0",
			"resolved": "https://registry.npmjs.org/uc.micro/-/uc.micro-2.1.0.tgz",
			"integrity": "sha512-ARDJmphmdvUk6Glw7y9DQ2bFkKBHwQHLi2lsaH6PPmz/Ka9sFOBsBluozhDltWmnv9u/cF6Rt87znRTPV+yp/A==",
			"license": "MIT"
		},
		"node_modules/undici-types": {
			"version": "6.21.0",
			"resolved": "https://registry.npmjs.org/undici-types/-/undici-types-6.21.0.tgz",
			"integrity": "sha512-iwDZqg0QAGrg9Rav5H4n0M64c3mkR59cJ6wQp+7C4nI0gsmExaedaYLNO44eT4AtBBwjbTiGPMlt2Md0T9H9JQ==",
			"dev": true,
			"license": "MIT"
		},
		"node_modules/w3c-keyname": {
			"version": "2.2.8",
			"resolved": "https://registry.npmjs.org/w3c-keyname/-/w3c-keyname-2.2.8.tgz",
			"integrity": "sha512-dpojBhNsCNN7T82Tm7k26A6G9ML3NkhDsnw9n/eoxSRlVBB4CEtIQ/KTCLI2Fwf3ataSXRhYFkQi3SlnFwPvPQ==",
			"dev": true,
			"license": "MIT",
			"peer": true
		}
	}
}
